// !$*UTF8*$!
{
	archiveVersion = 1;
	classes = {
	};
	objectVersion = 55;
	objects = {

/* Begin PBXBuildFile section */
		B20678A529AF345200AE8BB7 /* GoogleService-Info.plist in Resources */ = {isa = PBXBuildFile; fileRef = B20678A429AF345200AE8BB7 /* GoogleService-Info.plist */; };
		B2141A3D28C8DAA900DC447B /* MainViewController.swift in Sources */ = {isa = PBXBuildFile; fileRef = B2141A3C28C8DAA800DC447B /* MainViewController.swift */; };
		B214895A28C4EBCB00FC6ABD /* AppDelegate.swift in Sources */ = {isa = PBXBuildFile; fileRef = B214895928C4EBCB00FC6ABD /* AppDelegate.swift */; };
		B214895C28C4EBCB00FC6ABD /* SceneDelegate.swift in Sources */ = {isa = PBXBuildFile; fileRef = B214895B28C4EBCB00FC6ABD /* SceneDelegate.swift */; };
		B214896128C4EBCB00FC6ABD /* Main.storyboard in Resources */ = {isa = PBXBuildFile; fileRef = B214895F28C4EBCB00FC6ABD /* Main.storyboard */; };
		B214896328C4EBCD00FC6ABD /* Assets.xcassets in Resources */ = {isa = PBXBuildFile; fileRef = B214896228C4EBCD00FC6ABD /* Assets.xcassets */; };
		B214896628C4EBCD00FC6ABD /* LaunchScreen.storyboard in Resources */ = {isa = PBXBuildFile; fileRef = B214896428C4EBCD00FC6ABD /* LaunchScreen.storyboard */; };
		B214896E28C4EC1700FC6ABD /* LoginViewController.swift in Sources */ = {isa = PBXBuildFile; fileRef = B214896D28C4EC1700FC6ABD /* LoginViewController.swift */; };
		B2183B7C28C6296B00ED161C /* EnterEmailViewController.swift in Sources */ = {isa = PBXBuildFile; fileRef = B2183B7B28C6296B00ED161C /* EnterEmailViewController.swift */; };
		E87310786711621AFDB65DFD /* Pods_SpotifyLoginSample.framework in Frameworks */ = {isa = PBXBuildFile; fileRef = BE842161EE3087A615D36C32 /* Pods_SpotifyLoginSample.framework */; };
/* End PBXBuildFile section */

/* Begin PBXFileReference section */
		37D0000F82F53F76921A879D /* Pods-SpotifyLoginSample.debug.xcconfig */ = {isa = PBXFileReference; includeInIndex = 1; lastKnownFileType = text.xcconfig; name = "Pods-SpotifyLoginSample.debug.xcconfig"; path = "Target Support Files/Pods-SpotifyLoginSample/Pods-SpotifyLoginSample.debug.xcconfig"; sourceTree = "<group>"; };
		B20678A429AF345200AE8BB7 /* GoogleService-Info.plist */ = {isa = PBXFileReference; fileEncoding = 4; lastKnownFileType = text.plist.xml; path = "GoogleService-Info.plist"; sourceTree = "<group>"; };
		B2141A3C28C8DAA800DC447B /* MainViewController.swift */ = {isa = PBXFileReference; lastKnownFileType = sourcecode.swift; path = MainViewController.swift; sourceTree = "<group>"; };
		B214895628C4EBCB00FC6ABD /* SpotifyLoginSample.app */ = {isa = PBXFileReference; explicitFileType = wrapper.application; includeInIndex = 0; path = SpotifyLoginSample.app; sourceTree = BUILT_PRODUCTS_DIR; };
		B214895928C4EBCB00FC6ABD /* AppDelegate.swift */ = {isa = PBXFileReference; lastKnownFileType = sourcecode.swift; path = AppDelegate.swift; sourceTree = "<group>"; };
		B214895B28C4EBCB00FC6ABD /* SceneDelegate.swift */ = {isa = PBXFileReference; lastKnownFileType = sourcecode.swift; path = SceneDelegate.swift; sourceTree = "<group>"; };
		B214896028C4EBCB00FC6ABD /* Base */ = {isa = PBXFileReference; lastKnownFileType = file.storyboard; name = Base; path = Base.lproj/Main.storyboard; sourceTree = "<group>"; };
		B214896228C4EBCD00FC6ABD /* Assets.xcassets */ = {isa = PBXFileReference; lastKnownFileType = folder.assetcatalog; path = Assets.xcassets; sourceTree = "<group>"; };
		B214896528C4EBCD00FC6ABD /* Base */ = {isa = PBXFileReference; lastKnownFileType = file.storyboard; name = Base; path = Base.lproj/LaunchScreen.storyboard; sourceTree = "<group>"; };
		B214896728C4EBCD00FC6ABD /* Info.plist */ = {isa = PBXFileReference; lastKnownFileType = text.plist.xml; path = Info.plist; sourceTree = "<group>"; };
		B214896D28C4EC1700FC6ABD /* LoginViewController.swift */ = {isa = PBXFileReference; lastKnownFileType = sourcecode.swift; path = LoginViewController.swift; sourceTree = "<group>"; };
		B2183B7B28C6296B00ED161C /* EnterEmailViewController.swift */ = {isa = PBXFileReference; lastKnownFileType = sourcecode.swift; path = EnterEmailViewController.swift; sourceTree = "<group>"; };
		BE842161EE3087A615D36C32 /* Pods_SpotifyLoginSample.framework */ = {isa = PBXFileReference; explicitFileType = wrapper.framework; includeInIndex = 0; path = Pods_SpotifyLoginSample.framework; sourceTree = BUILT_PRODUCTS_DIR; };
		F3C95C82E830167D89009256 /* Pods-SpotifyLoginSample.release.xcconfig */ = {isa = PBXFileReference; includeInIndex = 1; lastKnownFileType = text.xcconfig; name = "Pods-SpotifyLoginSample.release.xcconfig"; path = "Target Support Files/Pods-SpotifyLoginSample/Pods-SpotifyLoginSample.release.xcconfig"; sourceTree = "<group>"; };
/* End PBXFileReference section */

/* Begin PBXFrameworksBuildPhase section */
		B214895328C4EBCB00FC6ABD /* Frameworks */ = {
			isa = PBXFrameworksBuildPhase;
			buildActionMask = 2147483647;
			files = (
				E87310786711621AFDB65DFD /* Pods_SpotifyLoginSample.framework in Frameworks */,
			);
			runOnlyForDeploymentPostprocessing = 0;
		};
/* End PBXFrameworksBuildPhase section */

/* Begin PBXGroup section */
		12C724759AEC5BDD559B6048 /* Frameworks */ = {
			isa = PBXGroup;
			children = (
				BE842161EE3087A615D36C32 /* Pods_SpotifyLoginSample.framework */,
			);
			name = Frameworks;
			sourceTree = "<group>";
		};
		9207A1CC97BE127F85A8731B /* Pods */ = {
			isa = PBXGroup;
			children = (
				37D0000F82F53F76921A879D /* Pods-SpotifyLoginSample.debug.xcconfig */,
				F3C95C82E830167D89009256 /* Pods-SpotifyLoginSample.release.xcconfig */,
			);
			path = Pods;
			sourceTree = "<group>";
		};
		B214894D28C4EBCB00FC6ABD = {
			isa = PBXGroup;
			children = (
				B214895828C4EBCB00FC6ABD /* SpotifyLoginSample */,
				B214895728C4EBCB00FC6ABD /* Products */,
				9207A1CC97BE127F85A8731B /* Pods */,
				12C724759AEC5BDD559B6048 /* Frameworks */,
			);
			sourceTree = "<group>";
		};
		B214895728C4EBCB00FC6ABD /* Products */ = {
			isa = PBXGroup;
			children = (
				B214895628C4EBCB00FC6ABD /* SpotifyLoginSample.app */,
			);
			name = Products;
			sourceTree = "<group>";
		};
		B214895828C4EBCB00FC6ABD /* SpotifyLoginSample */ = {
			isa = PBXGroup;
			children = (
				B214895928C4EBCB00FC6ABD /* AppDelegate.swift */,
				B214895B28C4EBCB00FC6ABD /* SceneDelegate.swift */,
				B214895F28C4EBCB00FC6ABD /* Main.storyboard */,
				B2141A3C28C8DAA800DC447B /* MainViewController.swift */,
				B2183B7B28C6296B00ED161C /* EnterEmailViewController.swift */,
				B214896D28C4EC1700FC6ABD /* LoginViewController.swift */,
				B214896228C4EBCD00FC6ABD /* Assets.xcassets */,
				B214896428C4EBCD00FC6ABD /* LaunchScreen.storyboard */,
				B214896728C4EBCD00FC6ABD /* Info.plist */,
				B20678A429AF345200AE8BB7 /* GoogleService-Info.plist */,
			);
			path = SpotifyLoginSample;
			sourceTree = "<group>";
		};
/* End PBXGroup section */

/* Begin PBXNativeTarget section */
		B214895528C4EBCB00FC6ABD /* SpotifyLoginSample */ = {
			isa = PBXNativeTarget;
			buildConfigurationList = B214896A28C4EBCD00FC6ABD /* Build configuration list for PBXNativeTarget "SpotifyLoginSample" */;
			buildPhases = (
				9D1A1404D21797EF387B2552 /* [CP] Check Pods Manifest.lock */,
				B214895228C4EBCB00FC6ABD /* Sources */,
				B214895328C4EBCB00FC6ABD /* Frameworks */,
				B214895428C4EBCB00FC6ABD /* Resources */,
				D64F5B0329F038D877069475 /* [CP] Embed Pods Frameworks */,
			);
			buildRules = (
			);
			dependencies = (
			);
			name = SpotifyLoginSample;
			productName = SpotifyLoginSample;
			productReference = B214895628C4EBCB00FC6ABD /* SpotifyLoginSample.app */;
			productType = "com.apple.product-type.application";
		};
/* End PBXNativeTarget section */

/* Begin PBXProject section */
		B214894E28C4EBCB00FC6ABD /* Project object */ = {
			isa = PBXProject;
			attributes = {
				BuildIndependentTargetsInParallel = 1;
				LastSwiftUpdateCheck = 1340;
				LastUpgradeCheck = 1340;
				TargetAttributes = {
					B214895528C4EBCB00FC6ABD = {
						CreatedOnToolsVersion = 13.4.1;
					};
				};
			};
			buildConfigurationList = B214895128C4EBCB00FC6ABD /* Build configuration list for PBXProject "SpotifyLoginSample" */;
			compatibilityVersion = "Xcode 13.0";
			developmentRegion = en;
			hasScannedForEncodings = 0;
			knownRegions = (
				en,
				Base,
			);
			mainGroup = B214894D28C4EBCB00FC6ABD;
			productRefGroup = B214895728C4EBCB00FC6ABD /* Products */;
			projectDirPath = "";
			projectRoot = "";
			targets = (
				B214895528C4EBCB00FC6ABD /* SpotifyLoginSample */,
			);
		};
/* End PBXProject section */

/* Begin PBXResourcesBuildPhase section */
		B214895428C4EBCB00FC6ABD /* Resources */ = {
			isa = PBXResourcesBuildPhase;
			buildActionMask = 2147483647;
			files = (
				B214896628C4EBCD00FC6ABD /* LaunchScreen.storyboard in Resources */,
				B214896328C4EBCD00FC6ABD /* Assets.xcassets in Resources */,
				B214896128C4EBCB00FC6ABD /* Main.storyboard in Resources */,
				B20678A529AF345200AE8BB7 /* GoogleService-Info.plist in Resources */,
			);
			runOnlyForDeploymentPostprocessing = 0;
		};
/* End PBXResourcesBuildPhase section */

/* Begin PBXShellScriptBuildPhase section */
		9D1A1404D21797EF387B2552 /* [CP] Check Pods Manifest.lock */ = {
			isa = PBXShellScriptBuildPhase;
			buildActionMask = 2147483647;
			files = (
			);
			inputFileListPaths = (
			);
			inputPaths = (
				"${PODS_PODFILE_DIR_PATH}/Podfile.lock",
				"${PODS_ROOT}/Manifest.lock",
			);
			name = "[CP] Check Pods Manifest.lock";
			outputFileListPaths = (
			);
			outputPaths = (
				"$(DERIVED_FILE_DIR)/Pods-SpotifyLoginSample-checkManifestLockResult.txt",
			);
			runOnlyForDeploymentPostprocessing = 0;
			shellPath = /bin/sh;
			shellScript = "diff \"${PODS_PODFILE_DIR_PATH}/Podfile.lock\" \"${PODS_ROOT}/Manifest.lock\" > /dev/null\nif [ $? != 0 ] ; then\n    # print error to STDERR\n    echo \"error: The sandbox is not in sync with the Podfile.lock. Run 'pod install' or update your CocoaPods installation.\" >&2\n    exit 1\nfi\n# This output is used by Xcode 'outputs' to avoid re-running this script phase.\necho \"SUCCESS\" > \"${SCRIPT_OUTPUT_FILE_0}\"\n";
			showEnvVarsInLog = 0;
		};
		D64F5B0329F038D877069475 /* [CP] Embed Pods Frameworks */ = {
			isa = PBXShellScriptBuildPhase;
			buildActionMask = 2147483647;
			files = (
			);
			inputFileListPaths = (
				"${PODS_ROOT}/Target Support Files/Pods-SpotifyLoginSample/Pods-SpotifyLoginSample-frameworks-${CONFIGURATION}-input-files.xcfilelist",
			);
			name = "[CP] Embed Pods Frameworks";
			outputFileListPaths = (
				"${PODS_ROOT}/Target Support Files/Pods-SpotifyLoginSample/Pods-SpotifyLoginSample-frameworks-${CONFIGURATION}-output-files.xcfilelist",
			);
			runOnlyForDeploymentPostprocessing = 0;
			shellPath = /bin/sh;
			shellScript = "\"${PODS_ROOT}/Target Support Files/Pods-SpotifyLoginSample/Pods-SpotifyLoginSample-frameworks.sh\"\n";
			showEnvVarsInLog = 0;
		};
/* End PBXShellScriptBuildPhase section */

/* Begin PBXSourcesBuildPhase section */
		B214895228C4EBCB00FC6ABD /* Sources */ = {
			isa = PBXSourcesBuildPhase;
			buildActionMask = 2147483647;
			files = (
				B214896E28C4EC1700FC6ABD /* LoginViewController.swift in Sources */,
				B214895A28C4EBCB00FC6ABD /* AppDelegate.swift in Sources */,
				B2183B7C28C6296B00ED161C /* EnterEmailViewController.swift in Sources */,
				B214895C28C4EBCB00FC6ABD /* SceneDelegate.swift in Sources */,
				B2141A3D28C8DAA900DC447B /* MainViewController.swift in Sources */,
			);
			runOnlyForDeploymentPostprocessing = 0;
		};
/* End PBXSourcesBuildPhase section */

/* Begin PBXVariantGroup section */
		B214895F28C4EBCB00FC6ABD /* Main.storyboard */ = {
			isa = PBXVariantGroup;
			children = (
				B214896028C4EBCB00FC6ABD /* Base */,
			);
			name = Main.storyboard;
			sourceTree = "<group>";
		};
		B214896428C4EBCD00FC6ABD /* LaunchScreen.storyboard */ = {
			isa = PBXVariantGroup;
			children = (
				B214896528C4EBCD00FC6ABD /* Base */,
			);
			name = LaunchScreen.storyboard;
			sourceTree = "<group>";
		};
/* End PBXVariantGroup section */

/* Begin XCBuildConfiguration section */
		B214896828C4EBCD00FC6ABD /* Debug */ = {
			isa = XCBuildConfiguration;
			buildSettings = {
				ALWAYS_SEARCH_USER_PATHS = NO;
				CLANG_ANALYZER_NONNULL = YES;
				CLANG_ANALYZER_NUMBER_OBJECT_CONVERSION = YES_AGGRESSIVE;
				CLANG_CXX_LANGUAGE_STANDARD = "gnu++17";
				CLANG_ENABLE_MODULES = YES;
				CLANG_ENABLE_OBJC_ARC = YES;
				CLANG_ENABLE_OBJC_WEAK = YES;
				CLANG_WARN_BLOCK_CAPTURE_AUTORELEASING = YES;
				CLANG_WARN_BOOL_CONVERSION = YES;
				CLANG_WARN_COMMA = YES;
				CLANG_WARN_CONSTANT_CONVERSION = YES;
				CLANG_WARN_DEPRECATED_OBJC_IMPLEMENTATIONS = YES;
				CLANG_WARN_DIRECT_OBJC_ISA_USAGE = YES_ERROR;
				CLANG_WARN_DOCUMENTATION_COMMENTS = YES;
				CLANG_WARN_EMPTY_BODY = YES;
				CLANG_WARN_ENUM_CONVERSION = YES;
				CLANG_WARN_INFINITE_RECURSION = YES;
				CLANG_WARN_INT_CONVERSION = YES;
				CLANG_WARN_NON_LITERAL_NULL_CONVERSION = YES;
				CLANG_WARN_OBJC_IMPLICIT_RETAIN_SELF = YES;
				CLANG_WARN_OBJC_LITERAL_CONVERSION = YES;
				CLANG_WARN_OBJC_ROOT_CLASS = YES_ERROR;
				CLANG_WARN_QUOTED_INCLUDE_IN_FRAMEWORK_HEADER = YES;
				CLANG_WARN_RANGE_LOOP_ANALYSIS = YES;
				CLANG_WARN_STRICT_PROTOTYPES = YES;
				CLANG_WARN_SUSPICIOUS_MOVE = YES;
				CLANG_WARN_UNGUARDED_AVAILABILITY = YES_AGGRESSIVE;
				CLANG_WARN_UNREACHABLE_CODE = YES;
				CLANG_WARN__DUPLICATE_METHOD_MATCH = YES;
				COPY_PHASE_STRIP = NO;
				DEBUG_INFORMATION_FORMAT = dwarf;
				ENABLE_STRICT_OBJC_MSGSEND = YES;
				ENABLE_TESTABILITY = YES;
				GCC_C_LANGUAGE_STANDARD = gnu11;
				GCC_DYNAMIC_NO_PIC = NO;
				GCC_NO_COMMON_BLOCKS = YES;
				GCC_OPTIMIZATION_LEVEL = 0;
				GCC_PREPROCESSOR_DEFINITIONS = (
					"DEBUG=1",
					"$(inherited)",
				);
				GCC_WARN_64_TO_32_BIT_CONVERSION = YES;
				GCC_WARN_ABOUT_RETURN_TYPE = YES_ERROR;
				GCC_WARN_UNDECLARED_SELECTOR = YES;
				GCC_WARN_UNINITIALIZED_AUTOS = YES_AGGRESSIVE;
				GCC_WARN_UNUSED_FUNCTION = YES;
				GCC_WARN_UNUSED_VARIABLE = YES;
				IPHONEOS_DEPLOYMENT_TARGET = 15.5;
				MTL_ENABLE_DEBUG_INFO = INCLUDE_SOURCE;
				MTL_FAST_MATH = YES;
				ONLY_ACTIVE_ARCH = YES;
				SDKROOT = iphoneos;
				SWIFT_ACTIVE_COMPILATION_CONDITIONS = DEBUG;
				SWIFT_OPTIMIZATION_LEVEL = "-Onone";
			};
			name = Debug;
		};
		B214896928C4EBCD00FC6ABD /* Release */ = {
			isa = XCBuildConfiguration;
			buildSettings = {
				ALWAYS_SEARCH_USER_PATHS = NO;
				CLANG_ANALYZER_NONNULL = YES;
				CLANG_ANALYZER_NUMBER_OBJECT_CONVERSION = YES_AGGRESSIVE;
				CLANG_CXX_LANGUAGE_STANDARD = "gnu++17";
				CLANG_ENABLE_MODULES = YES;
				CLANG_ENABLE_OBJC_ARC = YES;
				CLANG_ENABLE_OBJC_WEAK = YES;
				CLANG_WARN_BLOCK_CAPTURE_AUTORELEASING = YES;
				CLANG_WARN_BOOL_CONVERSION = YES;
				CLANG_WARN_COMMA = YES;
				CLANG_WARN_CONSTANT_CONVERSION = YES;
				CLANG_WARN_DEPRECATED_OBJC_IMPLEMENTATIONS = YES;
				CLANG_WARN_DIRECT_OBJC_ISA_USAGE = YES_ERROR;
				CLANG_WARN_DOCUMENTATION_COMMENTS = YES;
				CLANG_WARN_EMPTY_BODY = YES;
				CLANG_WARN_ENUM_CONVERSION = YES;
				CLANG_WARN_INFINITE_RECURSION = YES;
				CLANG_WARN_INT_CONVERSION = YES;
				CLANG_WARN_NON_LITERAL_NULL_CONVERSION = YES;
				CLANG_WARN_OBJC_IMPLICIT_RETAIN_SELF = YES;
				CLANG_WARN_OBJC_LITERAL_CONVERSION = YES;
				CLANG_WARN_OBJC_ROOT_CLASS = YES_ERROR;
				CLANG_WARN_QUOTED_INCLUDE_IN_FRAMEWORK_HEADER = YES;
				CLANG_WARN_RANGE_LOOP_ANALYSIS = YES;
				CLANG_WARN_STRICT_PROTOTYPES = YES;
				CLANG_WARN_SUSPICIOUS_MOVE = YES;
				CLANG_WARN_UNGUARDED_AVAILABILITY = YES_AGGRESSIVE;
				CLANG_WARN_UNREACHABLE_CODE = YES;
				CLANG_WARN__DUPLICATE_METHOD_MATCH = YES;
				COPY_PHASE_STRIP = NO;
				DEBUG_INFORMATION_FORMAT = "dwarf-with-dsym";
				ENABLE_NS_ASSERTIONS = NO;
				ENABLE_STRICT_OBJC_MSGSEND = YES;
				GCC_C_LANGUAGE_STANDARD = gnu11;
				GCC_NO_COMMON_BLOCKS = YES;
				GCC_WARN_64_TO_32_BIT_CONVERSION = YES;
				GCC_WARN_ABOUT_RETURN_TYPE = YES_ERROR;
				GCC_WARN_UNDECLARED_SELECTOR = YES;
				GCC_WARN_UNINITIALIZED_AUTOS = YES_AGGRESSIVE;
				GCC_WARN_UNUSED_FUNCTION = YES;
				GCC_WARN_UNUSED_VARIABLE = YES;
				IPHONEOS_DEPLOYMENT_TARGET = 15.5;
				MTL_ENABLE_DEBUG_INFO = NO;
				MTL_FAST_MATH = YES;
				SDKROOT = iphoneos;
				SWIFT_COMPILATION_MODE = wholemodule;
				SWIFT_OPTIMIZATION_LEVEL = "-O";
				VALIDATE_PRODUCT = YES;
			};
			name = Release;
		};
		B214896B28C4EBCD00FC6ABD /* Debug */ = {
			isa = XCBuildConfiguration;
			baseConfigurationReference = 37D0000F82F53F76921A879D /* Pods-SpotifyLoginSample.debug.xcconfig */;
			buildSettings = {
				ASSETCATALOG_COMPILER_APPICON_NAME = AppIcon;
				ASSETCATALOG_COMPILER_GLOBAL_ACCENT_COLOR_NAME = AccentColor;
				CODE_SIGN_STYLE = Automatic;
				CURRENT_PROJECT_VERSION = 1;
				DEVELOPMENT_TEAM = FH49FN5F9A;
				GENERATE_INFOPLIST_FILE = YES;
				INFOPLIST_FILE = SpotifyLoginSample/Info.plist;
				INFOPLIST_KEY_UIApplicationSupportsIndirectInputEvents = YES;
				INFOPLIST_KEY_UILaunchStoryboardName = LaunchScreen;
				INFOPLIST_KEY_UIMainStoryboardFile = Main;
				INFOPLIST_KEY_UISupportedInterfaceOrientations_iPad = "UIInterfaceOrientationPortrait UIInterfaceOrientationPortraitUpsideDown UIInterfaceOrientationLandscapeLeft UIInterfaceOrientationLandscapeRight";
				INFOPLIST_KEY_UISupportedInterfaceOrientations_iPhone = "UIInterfaceOrientationPortrait UIInterfaceOrientationLandscapeLeft UIInterfaceOrientationLandscapeRight";
				LD_RUNPATH_SEARCH_PATHS = (
					"$(inherited)",
					"@executable_path/Frameworks",
				);
				MARKETING_VERSION = 1.0;
				PRODUCT_BUNDLE_IDENTIFIER = WonGi.SpotifyLoginSample;
				PRODUCT_NAME = "$(TARGET_NAME)";
				SWIFT_EMIT_LOC_STRINGS = YES;
				SWIFT_VERSION = 5.0;
				TARGETED_DEVICE_FAMILY = "1,2";
			};
			name = Debug;
		};
		B214896C28C4EBCD00FC6ABD /* Release */ = {
			isa = XCBuildConfiguration;
			baseConfigurationReference = F3C95C82E830167D89009256 /* Pods-SpotifyLoginSample.release.xcconfig */;
			buildSettings = {
				ASSETCATALOG_COMPILER_APPICON_NAME = AppIcon;
				ASSETCATALOG_COMPILER_GLOBAL_ACCENT_COLOR_NAME = AccentColor;
				CODE_SIGN_STYLE = Automatic;
				CURRENT_PROJECT_VERSION = 1;
				DEVELOPMENT_TEAM = FH49FN5F9A;
				GENERATE_INFOPLIST_FILE = YES;
				INFOPLIST_FILE = SpotifyLoginSample/Info.plist;
				INFOPLIST_KEY_UIApplicationSupportsIndirectInputEvents = YES;
				INFOPLIST_KEY_UILaunchStoryboardName = LaunchScreen;
				INFOPLIST_KEY_UIMainStoryboardFile = Main;
				INFOPLIST_KEY_UISupportedInterfaceOrientations_iPad = "UIInterfaceOrientationPortrait UIInterfaceOrientationPortraitUpsideDown UIInterfaceOrientationLandscapeLeft UIInterfaceOrientationLandscapeRight";
				INFOPLIST_KEY_UISupportedInterfaceOrientations_iPhone = "UIInterfaceOrientationPortrait UIInterfaceOrientationLandscapeLeft UIInterfaceOrientationLandscapeRight";
				LD_RUNPATH_SEARCH_PATHS = (
					"$(inherited)",
					"@executable_path/Frameworks",
				);
				MARKETING_VERSION = 1.0;
				PRODUCT_BUNDLE_IDENTIFIER = WonGi.SpotifyLoginSample;
				PRODUCT_NAME = "$(TARGET_NAME)";
				SWIFT_EMIT_LOC_STRINGS = YES;
				SWIFT_VERSION = 5.0;
				TARGETED_DEVICE_FAMILY = "1,2";
			};
			name = Release;
		};
/* End XCBuildConfiguration section */

/* Begin XCConfigurationList section */
		B214895128C4EBCB00FC6ABD /* Build configuration list for PBXProject "SpotifyLoginSample" */ = {
			isa = XCConfigurationList;
			buildConfigurations = (
				B214896828C4EBCD00FC6ABD /* Debug */,
				B214896928C4EBCD00FC6ABD /* Release */,
			);
			defaultConfigurationIsVisible = 0;
			defaultConfigurationName = Release;
		};
		B214896A28C4EBCD00FC6ABD /* Build configuration list for PBXNativeTarget "SpotifyLoginSample" */ = {
			isa = XCConfigurationList;
			buildConfigurations = (
				B214896B28C4EBCD00FC6ABD /* Debug */,
				B214896C28C4EBCD00FC6ABD /* Release */,
			);
			defaultConfigurationIsVisible = 0;
			defaultConfigurationName = Release;
		};
/* End XCConfigurationList section */
	};
	rootObject = B214894E28C4EBCB00FC6ABD /* Project object */;
}
